
Microsoft Visual Studio Solution File, Format Version 12.00
Project("{FAE04EC0-301F-11D3-BF4B-00C04F79EFBC}") = "DSA", "DSA\DSA.csproj", "{30396A72-A180-4769-A698-69708C0B5EA8}"
EndProject
Global
	GlobalSection(SolutionConfigurationPlatforms) = preSolution
		Debug|Any CPU = Debug|Any CPU
		Release|Any CPU = Release|Any CPU
	EndGlobalSection
	GlobalSection(ProjectConfigurationPlatforms) = postSolution
		{30396A72-A180-4769-A698-69708C0B5EA8}.Debug|Any CPU.ActiveCfg = Debug|Any CPU
		{30396A72-A180-4769-A698-69708C0B5EA8}.Debug|Any CPU.Build.0 = Debug|Any CPU
		{30396A72-A180-4769-A698-69708C0B5EA8}.Release|Any CPU.ActiveCfg = Release|Any CPU
		{30396A72-A180-4769-A698-69708C0B5EA8}.Release|Any CPU.Build.0 = Release|Any CPU
	EndGlobalSection
EndGlobal
